
Microsoft Visual Studio Solution File, Format Version 12.00
# Visual Studio 15
VisualStudioVersion = 15.0.28307.168
MinimumVisualStudioVersion = 10.0.40219.1
Project("{FAE04EC0-301F-11D3-BF4B-00C04F79EFBC}") = "Tutorial18", "Tutorial18\Tutorial18.csproj", "{F39598F5-BA50-4DF2-BA9D-195667B2BF69}"
EndProject
Global
	GlobalSection(SolutionConfigurationPlatforms) = preSolution
		Debug|Any CPU = Debug|Any CPU
		Release|Any CPU = Release|Any CPU
	EndGlobalSection
	GlobalSection(ProjectConfigurationPlatforms) = postSolution
		{F39598F5-BA50-4DF2-BA9D-195667B2BF69}.Debug|Any CPU.ActiveCfg = Debug|Any CPU
		{F39598F5-BA50-4DF2-BA9D-195667B2BF69}.Debug|Any CPU.Build.0 = Debug|Any CPU
		{F39598F5-BA50-4DF2-BA9D-195667B2BF69}.Release|Any CPU.ActiveCfg = Release|Any CPU
		{F39598F5-BA50-4DF2-BA9D-195667B2BF69}.Release|Any CPU.Build.0 = Release|Any CPU
	EndGlobalSection
	GlobalSection(SolutionProperties) = preSolution
		HideSolutionNode = FALSE
	EndGlobalSection
	GlobalSection(ExtensibilityGlobals) = postSolution
		SolutionGuid = {1D31A285-CFD7-4AA2-94F3-E1AB58FB4F84}
	EndGlobalSection
EndGlobal
